
Microsoft Visual Studio Solution File, Format Version 12.00
# Visual Studio Version 17
VisualStudioVersion = 17.1.32421.90
MinimumVisualStudioVersion = 10.0.40219.1
Project("{FAE04EC0-301F-11D3-BF4B-00C04F79EFBC}") = "SolidExample", "SolidExample\SolidExample.csproj", "{AC626325-44EE-4D3F-8B32-F1581396BA67}"
EndProject
Global
	GlobalSection(SolutionConfigurationPlatforms) = preSolution
		Debug|Any CPU = Debug|Any CPU
		Release|Any CPU = Release|Any CPU
	EndGlobalSection
	GlobalSection(ProjectConfigurationPlatforms) = postSolution
		{AC626325-44EE-4D3F-8B32-F1581396BA67}.Debug|Any CPU.ActiveCfg = Debug|Any CPU
		{AC626325-44EE-4D3F-8B32-F1581396BA67}.Debug|Any CPU.Build.0 = Debug|Any CPU
		{AC626325-44EE-4D3F-8B32-F1581396BA67}.Release|Any CPU.ActiveCfg = Release|Any CPU
		{AC626325-44EE-4D3F-8B32-F1581396BA67}.Release|Any CPU.Build.0 = Release|Any CPU
	EndGlobalSection
	GlobalSection(SolutionProperties) = preSolution
		HideSolutionNode = FALSE
	EndGlobalSection
	GlobalSection(ExtensibilityGlobals) = postSolution
		SolutionGuid = {02D401D0-8AAC-432B-992A-7C4F64AD92F8}
	EndGlobalSection
EndGlobal
